
Microsoft Visual Studio Solution File, Format Version 10.00
# Visual C++ Express 2008
Project("{8BC9CEB8-8B4A-11D0-8D11-00A0C91BC942}") = "libfdata", "libfdata\libfdata.vcproj", "{F94DCC2D-2B49-453E-89B3-FD81992677D0}"
	ProjectSection(ProjectDependencies) = postProject
		{BD3A95FA-A3DE-4B79-A889-A7E5ECA4B69C} = {BD3A95FA-A3DE-4B79-A889-A7E5ECA4B69C}
		{8AFAA2C6-E025-4B45-B96F-A27D04C6115A} = {8AFAA2C6-E025-4B45-B96F-A27D04C6115A}
		{B9332DC8-7594-47DF-80C1-38922E0F4DFB} = {B9332DC8-7594-47DF-80C1-38922E0F4DFB}
		{5304AD69-D449-4589-B2C9-E4607E56A51D} = {5304AD69-D449-4589-B2C9-E4607E56A51D}
		{3D19EAAD-9195-468B-BC5B-D147A89CA4F5} = {3D19EAAD-9195-468B-BC5B-D147A89CA4F5}
	EndProjectSection
EndProject
Project("{8BC9CEB8-8B4A-11D0-8D11-00A0C91BC942}") = "libfguid", "libfguid\libfguid.vcproj", "{8C13E498-6369-4792-A0CF-B7134C54561B}"
	ProjectSection(ProjectDependencies) = postProject
		{BD3A95FA-A3DE-4B79-A889-A7E5ECA4B69C} = {BD3A95FA-A3DE-4B79-A889-A7E5ECA4B69C}
	EndProjectSection
EndProject
Project("{8BC9CEB8-8B4A-11D0-8D11-00A0C91BC942}") = "libclocale", "libclocale\libclocale.vcproj", "{CEDF8919-00B2-4D8A-88CC-84ADB2D2FF89}"
	ProjectSection(ProjectDependencies) = postProject
		{BD3A95FA-A3DE-4B79-A889-A7E5ECA4B69C} = {BD3A95FA-A3DE-4B79-A889-A7E5ECA4B69C}
	EndProjectSection
EndProject
Project("{8BC9CEB8-8B4A-11D0-8D11-00A0C91BC942}") = "libfcache", "libfcache\libfcache.vcproj", "{3D19EAAD-9195-468B-BC5B-D147A89CA4F5}"
	ProjectSection(ProjectDependencies) = postProject
		{BD3A95FA-A3DE-4B79-A889-A7E5ECA4B69C} = {BD3A95FA-A3DE-4B79-A889-A7E5ECA4B69C}
		{8AFAA2C6-E025-4B45-B96F-A27D04C6115A} = {8AFAA2C6-E025-4B45-B96F-A27D04C6115A}
		{B9332DC8-7594-47DF-80C1-38922E0F4DFB} = {B9332DC8-7594-47DF-80C1-38922E0F4DFB}
	EndProjectSection
EndProject
Project("{8BC9CEB8-8B4A-11D0-8D11-00A0C91BC942}") = "libbfio", "libbfio\libbfio.vcproj", "{41CFAFBF-A1C8-4704-AFEF-31979E6452B9}"
	ProjectSection(ProjectDependencies) = postProject
		{BD3A95FA-A3DE-4B79-A889-A7E5ECA4B69C} = {BD3A95FA-A3DE-4B79-A889-A7E5ECA4B69C}
		{8AFAA2C6-E025-4B45-B96F-A27D04C6115A} = {8AFAA2C6-E025-4B45-B96F-A27D04C6115A}
		{CEDF8919-00B2-4D8A-88CC-84ADB2D2FF89} = {CEDF8919-00B2-4D8A-88CC-84ADB2D2FF89}
		{5304AD69-D449-4589-B2C9-E4607E56A51D} = {5304AD69-D449-4589-B2C9-E4607E56A51D}
		{B9332DC8-7594-47DF-80C1-38922E0F4DFB} = {B9332DC8-7594-47DF-80C1-38922E0F4DFB}
		{B86FB73A-4ACC-42DE-9545-586D93955B06} = {B86FB73A-4ACC-42DE-9545-586D93955B06}
		{4C93BDD3-1804-47F3-9B34-F2DE0CAE1AE0} = {4C93BDD3-1804-47F3-9B34-F2DE0CAE1AE0}
		{3FFB9C05-1145-45A7-9ADE-5C8D70FBD7CA} = {3FFB9C05-1145-45A7-9ADE-5C8D70FBD7CA}
		{BC27FF34-C859-4A1A-95D6-FC89952E1910} = {BC27FF34-C859-4A1A-95D6-FC89952E1910}
	EndProjectSection
EndProject
Project("{8BC9CEB8-8B4A-11D0-8D11-00A0C91BC942}") = "libcfile", "libcfile\libcfile.vcproj", "{4C93BDD3-1804-47F3-9B34-F2DE0CAE1AE0}"
	ProjectSection(ProjectDependencies) = postProject
		{BD3A95FA-A3DE-4B79-A889-A7E5ECA4B69C} = {BD3A95FA-A3DE-4B79-A889-A7E5ECA4B69C}
		{CEDF8919-00B2-4D8A-88CC-84ADB2D2FF89} = {CEDF8919-00B2-4D8A-88CC-84ADB2D2FF89}
		{5304AD69-D449-4589-B2C9-E4607E56A51D} = {5304AD69-D449-4589-B2C9-E4607E56A51D}
		{BC27FF34-C859-4A1A-95D6-FC89952E1910} = {BC27FF34-C859-4A1A-95D6-FC89952E1910}
	EndProjectSection
EndProject
Project("{8BC9CEB8-8B4A-11D0-8D11-00A0C91BC942}") = "pyvhdi", "pyvhdi\pyvhdi.vcproj", "{E221DB4C-B254-47CB-993D-DC7FED580DA1}"
	ProjectSection(ProjectDependencies) = postProject
		{BD3A95FA-A3DE-4B79-A889-A7E5ECA4B69C} = {BD3A95FA-A3DE-4B79-A889-A7E5ECA4B69C}
		{0B57B96F-7885-4101-98B7-4E91C9434020} = {0B57B96F-7885-4101-98B7-4E91C9434020}
		{B9332DC8-7594-47DF-80C1-38922E0F4DFB} = {B9332DC8-7594-47DF-80C1-38922E0F4DFB}
		{CEDF8919-00B2-4D8A-88CC-84ADB2D2FF89} = {CEDF8919-00B2-4D8A-88CC-84ADB2D2FF89}
		{B86FB73A-4ACC-42DE-9545-586D93955B06} = {B86FB73A-4ACC-42DE-9545-586D93955B06}
		{BC27FF34-C859-4A1A-95D6-FC89952E1910} = {BC27FF34-C859-4A1A-95D6-FC89952E1910}
		{4C93BDD3-1804-47F3-9B34-F2DE0CAE1AE0} = {4C93BDD3-1804-47F3-9B34-F2DE0CAE1AE0}
		{3FFB9C05-1145-45A7-9ADE-5C8D70FBD7CA} = {3FFB9C05-1145-45A7-9ADE-5C8D70FBD7CA}
		{41CFAFBF-A1C8-4704-AFEF-31979E6452B9} = {41CFAFBF-A1C8-4704-AFEF-31979E6452B9}
		{8C13E498-6369-4792-A0CF-B7134C54561B} = {8C13E498-6369-4792-A0CF-B7134C54561B}
	EndProjectSection
EndProject
Project("{8BC9CEB8-8B4A-11D0-8D11-00A0C91BC942}") = "libcdata", "libcdata\libcdata.vcproj", "{B9332DC8-7594-47DF-80C1-38922E0F4DFB}"
	ProjectSection(ProjectDependencies) = postProject
		{BD3A95FA-A3DE-4B79-A889-A7E5ECA4B69C} = {BD3A95FA-A3DE-4B79-A889-A7E5ECA4B69C}
		{8AFAA2C6-E025-4B45-B96F-A27D04C6115A} = {8AFAA2C6-E025-4B45-B96F-A27D04C6115A}
	EndProjectSection
EndProject
Project("{8BC9CEB8-8B4A-11D0-8D11-00A0C91BC942}") = "libcthreads", "libcthreads\libcthreads.vcproj", "{8AFAA2C6-E025-4B45-B96F-A27D04C6115A}"
	ProjectSection(ProjectDependencies) = postProject
		{BD3A95FA-A3DE-4B79-A889-A7E5ECA4B69C} = {BD3A95FA-A3DE-4B79-A889-A7E5ECA4B69C}
	EndProjectSection
EndProject
Project("{8BC9CEB8-8B4A-11D0-8D11-00A0C91BC942}") = "libcpath", "libcpath\libcpath.vcproj", "{3FFB9C05-1145-45A7-9ADE-5C8D70FBD7CA}"
	ProjectSection(ProjectDependencies) = postProject
		{BD3A95FA-A3DE-4B79-A889-A7E5ECA4B69C} = {BD3A95FA-A3DE-4B79-A889-A7E5ECA4B69C}
		{CEDF8919-00B2-4D8A-88CC-84ADB2D2FF89} = {CEDF8919-00B2-4D8A-88CC-84ADB2D2FF89}
		{B86FB73A-4ACC-42DE-9545-586D93955B06} = {B86FB73A-4ACC-42DE-9545-586D93955B06}
		{BC27FF34-C859-4A1A-95D6-FC89952E1910} = {BC27FF34-C859-4A1A-95D6-FC89952E1910}
	EndProjectSection
EndProject
Project("{8BC9CEB8-8B4A-11D0-8D11-00A0C91BC942}") = "vhdi_test_block_allocation_table", "vhdi_test_block_allocation_table\vhdi_test_block_allocation_table.vcproj", "{681024A5-D38B-4A14-886F-FAF20A484A69}"
	ProjectSection(ProjectDependencies) = postProject
		{0B57B96F-7885-4101-98B7-4E91C9434020} = {0B57B96F-7885-4101-98B7-4E91C9434020}
		{BD3A95FA-A3DE-4B79-A889-A7E5ECA4B69C} = {BD3A95FA-A3DE-4B79-A889-A7E5ECA4B69C}
	EndProjectSection
EndProject
Project("{8BC9CEB8-8B4A-11D0-8D11-00A0C91BC942}") = "vhdi_test_block_descriptor", "vhdi_test_block_descriptor\vhdi_test_block_descriptor.vcproj", "{22A4EA4E-DCC9-4A8A-B14F-A334E282FF58}"
	ProjectSection(ProjectDependencies) = postProject
		{0B57B96F-7885-4101-98B7-4E91C9434020} = {0B57B96F-7885-4101-98B7-4E91C9434020}
		{BD3A95FA-A3DE-4B79-A889-A7E5ECA4B69C} = {BD3A95FA-A3DE-4B79-A889-A7E5ECA4B69C}
	EndProjectSection
EndProject
Project("{8BC9CEB8-8B4A-11D0-8D11-00A0C91BC942}") = "vhdi_test_checksum", "vhdi_test_checksum\vhdi_test_checksum.vcproj", "{11278CEA-924A-4925-A586-FFFB74D1A809}"
	ProjectSection(ProjectDependencies) = postProject
		{0B57B96F-7885-4101-98B7-4E91C9434020} = {0B57B96F-7885-4101-98B7-4E91C9434020}
		{BD3A95FA-A3DE-4B79-A889-A7E5ECA4B69C} = {BD3A95FA-A3DE-4B79-A889-A7E5ECA4B69C}
	EndProjectSection
EndProject
Project("{8BC9CEB8-8B4A-11D0-8D11-00A0C91BC942}") = "vhdi_test_dynamic_disk_header", "vhdi_test_dynamic_disk_header\vhdi_test_dynamic_disk_header.vcproj", "{E597E6F8-75E8-40EC-8C3A-A6271E786802}"
	ProjectSection(ProjectDependencies) = postProject
		{41CFAFBF-A1C8-4704-AFEF-31979E6452B9} = {41CFAFBF-A1C8-4704-AFEF-31979E6452B9}
		{3FFB9C05-1145-45A7-9ADE-5C8D70FBD7CA} = {3FFB9C05-1145-45A7-9ADE-5C8D70FBD7CA}
		{4C93BDD3-1804-47F3-9B34-F2DE0CAE1AE0} = {4C93BDD3-1804-47F3-9B34-F2DE0CAE1AE0}
		{BC27FF34-C859-4A1A-95D6-FC89952E1910} = {BC27FF34-C859-4A1A-95D6-FC89952E1910}
		{B86FB73A-4ACC-42DE-9545-586D93955B06} = {B86FB73A-4ACC-42DE-9545-586D93955B06}
		{5304AD69-D449-4589-B2C9-E4607E56A51D} = {5304AD69-D449-4589-B2C9-E4607E56A51D}
		{CEDF8919-00B2-4D8A-88CC-84ADB2D2FF89} = {CEDF8919-00B2-4D8A-88CC-84ADB2D2FF89}
		{B9332DC8-7594-47DF-80C1-38922E0F4DFB} = {B9332DC8-7594-47DF-80C1-38922E0F4DFB}
		{0B57B96F-7885-4101-98B7-4E91C9434020} = {0B57B96F-7885-4101-98B7-4E91C9434020}
		{BD3A95FA-A3DE-4B79-A889-A7E5ECA4B69C} = {BD3A95FA-A3DE-4B79-A889-A7E5ECA4B69C}
	EndProjectSection
EndProject
Project("{8BC9CEB8-8B4A-11D0-8D11-00A0C91BC942}") = "vhdi_test_error", "vhdi_test_error\vhdi_test_error.vcproj", "{82A9E85B-A4E8-4FB6-BBD0-A6D81CF1398B}"
	ProjectSection(ProjectDependencies) = postProject
		{0B57B96F-7885-4101-98B7-4E91C9434020} = {0B57B96F-7885-4101-98B7-4E91C9434020}
	EndProjectSection
EndProject
Project("{8BC9CEB8-8B4A-11D0-8D11-00A0C91BC942}") = "vhdi_test_file", "vhdi_test_file\vhdi_test_file.vcproj", "{AB985B78-01D2-412E-9930-DD63F787EF42}"
	ProjectSection(ProjectDependencies) = postProject
		{41CFAFBF-A1C8-4704-AFEF-31979E6452B9} = {41CFAFBF-A1C8-4704-AFEF-31979E6452B9}
		{3FFB9C05-1145-45A7-9ADE-5C8D70FBD7CA} = {3FFB9C05-1145-45A7-9ADE-5C8D70FBD7CA}
		{4C93BDD3-1804-47F3-9B34-F2DE0CAE1AE0} = {4C93BDD3-1804-47F3-9B34-F2DE0CAE1AE0}
		{BC27FF34-C859-4A1A-95D6-FC89952E1910} = {BC27FF34-C859-4A1A-95D6-FC89952E1910}
		{B86FB73A-4ACC-42DE-9545-586D93955B06} = {B86FB73A-4ACC-42DE-9545-586D93955B06}
		{5304AD69-D449-4589-B2C9-E4607E56A51D} = {5304AD69-D449-4589-B2C9-E4607E56A51D}
		{CEDF8919-00B2-4D8A-88CC-84ADB2D2FF89} = {CEDF8919-00B2-4D8A-88CC-84ADB2D2FF89}
		{B9332DC8-7594-47DF-80C1-38922E0F4DFB} = {B9332DC8-7594-47DF-80C1-38922E0F4DFB}
		{0B57B96F-7885-4101-98B7-4E91C9434020} = {0B57B96F-7885-4101-98B7-4E91C9434020}
		{8AFAA2C6-E025-4B45-B96F-A27D04C6115A} = {8AFAA2C6-E025-4B45-B96F-A27D04C6115A}
		{BD3A95FA-A3DE-4B79-A889-A7E5ECA4B69C} = {BD3A95FA-A3DE-4B79-A889-A7E5ECA4B69C}
	EndProjectSection
EndProject
Project("{8BC9CEB8-8B4A-11D0-8D11-00A0C91BC942}") = "vhdi_test_file_footer", "vhdi_test_file_footer\vhdi_test_file_footer.vcproj", "{3F7A2500-D5E7-4F5D-A36B-16B0879887E0}"
	ProjectSection(ProjectDependencies) = postProject
		{41CFAFBF-A1C8-4704-AFEF-31979E6452B9} = {41CFAFBF-A1C8-4704-AFEF-31979E6452B9}
		{3FFB9C05-1145-45A7-9ADE-5C8D70FBD7CA} = {3FFB9C05-1145-45A7-9ADE-5C8D70FBD7CA}
		{4C93BDD3-1804-47F3-9B34-F2DE0CAE1AE0} = {4C93BDD3-1804-47F3-9B34-F2DE0CAE1AE0}
		{BC27FF34-C859-4A1A-95D6-FC89952E1910} = {BC27FF34-C859-4A1A-95D6-FC89952E1910}
		{B86FB73A-4ACC-42DE-9545-586D93955B06} = {B86FB73A-4ACC-42DE-9545-586D93955B06}
		{5304AD69-D449-4589-B2C9-E4607E56A51D} = {5304AD69-D449-4589-B2C9-E4607E56A51D}
		{CEDF8919-00B2-4D8A-88CC-84ADB2D2FF89} = {CEDF8919-00B2-4D8A-88CC-84ADB2D2FF89}
		{B9332DC8-7594-47DF-80C1-38922E0F4DFB} = {B9332DC8-7594-47DF-80C1-38922E0F4DFB}
		{0B57B96F-7885-4101-98B7-4E91C9434020} = {0B57B96F-7885-4101-98B7-4E91C9434020}
		{BD3A95FA-A3DE-4B79-A889-A7E5ECA4B69C} = {BD3A95FA-A3DE-4B79-A889-A7E5ECA4B69C}
	EndProjectSection
EndProject
Project("{8BC9CEB8-8B4A-11D0-8D11-00A0C91BC942}") = "vhdi_test_file_information", "vhdi_test_file_information\vhdi_test_file_information.vcproj", "{ECBA1A58-31C4-4961-84B3-7DDF0071270D}"
	ProjectSection(ProjectDependencies) = postProject
		{41CFAFBF-A1C8-4704-AFEF-31979E6452B9} = {41CFAFBF-A1C8-4704-AFEF-31979E6452B9}
		{3FFB9C05-1145-45A7-9ADE-5C8D70FBD7CA} = {3FFB9C05-1145-45A7-9ADE-5C8D70FBD7CA}
		{4C93BDD3-1804-47F3-9B34-F2DE0CAE1AE0} = {4C93BDD3-1804-47F3-9B34-F2DE0CAE1AE0}
		{BC27FF34-C859-4A1A-95D6-FC89952E1910} = {BC27FF34-C859-4A1A-95D6-FC89952E1910}
		{B86FB73A-4ACC-42DE-9545-586D93955B06} = {B86FB73A-4ACC-42DE-9545-586D93955B06}
		{5304AD69-D449-4589-B2C9-E4607E56A51D} = {5304AD69-D449-4589-B2C9-E4607E56A51D}
		{CEDF8919-00B2-4D8A-88CC-84ADB2D2FF89} = {CEDF8919-00B2-4D8A-88CC-84ADB2D2FF89}
		{B9332DC8-7594-47DF-80C1-38922E0F4DFB} = {B9332DC8-7594-47DF-80C1-38922E0F4DFB}
		{0B57B96F-7885-4101-98B7-4E91C9434020} = {0B57B96F-7885-4101-98B7-4E91C9434020}
		{BD3A95FA-A3DE-4B79-A889-A7E5ECA4B69C} = {BD3A95FA-A3DE-4B79-A889-A7E5ECA4B69C}
	EndProjectSection
EndProject
Project("{8BC9CEB8-8B4A-11D0-8D11-00A0C91BC942}") = "vhdi_test_image_header", "vhdi_test_image_header\vhdi_test_image_header.vcproj", "{B54FAE6A-52D6-4778-929F-0D08DCE25A46}"
	ProjectSection(ProjectDependencies) = postProject
		{41CFAFBF-A1C8-4704-AFEF-31979E6452B9} = {41CFAFBF-A1C8-4704-AFEF-31979E6452B9}
		{3FFB9C05-1145-45A7-9ADE-5C8D70FBD7CA} = {3FFB9C05-1145-45A7-9ADE-5C8D70FBD7CA}
		{4C93BDD3-1804-47F3-9B34-F2DE0CAE1AE0} = {4C93BDD3-1804-47F3-9B34-F2DE0CAE1AE0}
		{BC27FF34-C859-4A1A-95D6-FC89952E1910} = {BC27FF34-C859-4A1A-95D6-FC89952E1910}
		{B86FB73A-4ACC-42DE-9545-586D93955B06} = {B86FB73A-4ACC-42DE-9545-586D93955B06}
		{5304AD69-D449-4589-B2C9-E4607E56A51D} = {5304AD69-D449-4589-B2C9-E4607E56A51D}
		{CEDF8919-00B2-4D8A-88CC-84ADB2D2FF89} = {CEDF8919-00B2-4D8A-88CC-84ADB2D2FF89}
		{B9332DC8-7594-47DF-80C1-38922E0F4DFB} = {B9332DC8-7594-47DF-80C1-38922E0F4DFB}
		{0B57B96F-7885-4101-98B7-4E91C9434020} = {0B57B96F-7885-4101-98B7-4E91C9434020}
		{BD3A95FA-A3DE-4B79-A889-A7E5ECA4B69C} = {BD3A95FA-A3DE-4B79-A889-A7E5ECA4B69C}
	EndProjectSection
EndProject
Project("{8BC9CEB8-8B4A-11D0-8D11-00A0C91BC942}") = "vhdi_test_io_handle", "vhdi_test_io_handle\vhdi_test_io_handle.vcproj", "{EDC158F9-537B-4C3E-AC8E-E9CE3192A49C}"
	ProjectSection(ProjectDependencies) = postProject
		{0B57B96F-7885-4101-98B7-4E91C9434020} = {0B57B96F-7885-4101-98B7-4E91C9434020}
		{BD3A95FA-A3DE-4B79-A889-A7E5ECA4B69C} = {BD3A95FA-A3DE-4B79-A889-A7E5ECA4B69C}
	EndProjectSection
EndProject
Project("{8BC9CEB8-8B4A-11D0-8D11-00A0C91BC942}") = "vhdi_test_metadata_table", "vhdi_test_metadata_table\vhdi_test_metadata_table.vcproj", "{CCD33800-F037-4C53-B25E-C52FEC8D188B}"
	ProjectSection(ProjectDependencies) = postProject
		{0B57B96F-7885-4101-98B7-4E91C9434020} = {0B57B96F-7885-4101-98B7-4E91C9434020}
		{BD3A95FA-A3DE-4B79-A889-A7E5ECA4B69C} = {BD3A95FA-A3DE-4B79-A889-A7E5ECA4B69C}
	EndProjectSection
EndProject
Project("{8BC9CEB8-8B4A-11D0-8D11-00A0C91BC942}") = "vhdi_test_metadata_table_entry", "vhdi_test_metadata_table_entry\vhdi_test_metadata_table_entry.vcproj", "{257A42CB-DC0E-4753-AA12-3E995F908AAC}"
	ProjectSection(ProjectDependencies) = postProject
		{0B57B96F-7885-4101-98B7-4E91C9434020} = {0B57B96F-7885-4101-98B7-4E91C9434020}
		{BD3A95FA-A3DE-4B79-A889-A7E5ECA4B69C} = {BD3A95FA-A3DE-4B79-A889-A7E5ECA4B69C}
	EndProjectSection
EndProject
Project("{8BC9CEB8-8B4A-11D0-8D11-00A0C91BC942}") = "vhdi_test_metadata_table_header", "vhdi_test_metadata_table_header\vhdi_test_metadata_table_header.vcproj", "{E275FDB5-83ED-47DF-AB3C-F27AD61BF28E}"
	ProjectSection(ProjectDependencies) = postProject
		{0B57B96F-7885-4101-98B7-4E91C9434020} = {0B57B96F-7885-4101-98B7-4E91C9434020}
		{BD3A95FA-A3DE-4B79-A889-A7E5ECA4B69C} = {BD3A95FA-A3DE-4B79-A889-A7E5ECA4B69C}
	EndProjectSection
EndProject
Project("{8BC9CEB8-8B4A-11D0-8D11-00A0C91BC942}") = "vhdi_test_metadata_values", "vhdi_test_metadata_values\vhdi_test_metadata_values.vcproj", "{83205EBD-0D9D-426C-962B-BEE873700286}"
	ProjectSection(ProjectDependencies) = postProject
		{0B57B96F-7885-4101-98B7-4E91C9434020} = {0B57B96F-7885-4101-98B7-4E91C9434020}
		{BD3A95FA-A3DE-4B79-A889-A7E5ECA4B69C} = {BD3A95FA-A3DE-4B79-A889-A7E5ECA4B69C}
	EndProjectSection
EndProject
Project("{8BC9CEB8-8B4A-11D0-8D11-00A0C91BC942}") = "vhdi_test_notify", "vhdi_test_notify\vhdi_test_notify.vcproj", "{63657B97-8DDF-4B6B-91C2-9E1AB85F1517}"
	ProjectSection(ProjectDependencies) = postProject
		{0B57B96F-7885-4101-98B7-4E91C9434020} = {0B57B96F-7885-4101-98B7-4E91C9434020}
		{BD3A95FA-A3DE-4B79-A889-A7E5ECA4B69C} = {BD3A95FA-A3DE-4B79-A889-A7E5ECA4B69C}
	EndProjectSection
EndProject
Project("{8BC9CEB8-8B4A-11D0-8D11-00A0C91BC942}") = "vhdi_test_parent_locator", "vhdi_test_parent_locator\vhdi_test_parent_locator.vcproj", "{016F4D4F-9252-4ADD-8272-0CA6FE4DE906}"
	ProjectSection(ProjectDependencies) = postProject
		{0B57B96F-7885-4101-98B7-4E91C9434020} = {0B57B96F-7885-4101-98B7-4E91C9434020}
		{BD3A95FA-A3DE-4B79-A889-A7E5ECA4B69C} = {BD3A95FA-A3DE-4B79-A889-A7E5ECA4B69C}
	EndProjectSection
EndProject
Project("{8BC9CEB8-8B4A-11D0-8D11-00A0C91BC942}") = "vhdi_test_parent_locator_entry", "vhdi_test_parent_locator_entry\vhdi_test_parent_locator_entry.vcproj", "{113A3EFC-B416-4FEF-8244-7149BE73A836}"
	ProjectSection(ProjectDependencies) = postProject
		{0B57B96F-7885-4101-98B7-4E91C9434020} = {0B57B96F-7885-4101-98B7-4E91C9434020}
		{BD3A95FA-A3DE-4B79-A889-A7E5ECA4B69C} = {BD3A95FA-A3DE-4B79-A889-A7E5ECA4B69C}
	EndProjectSection
EndProject
Project("{8BC9CEB8-8B4A-11D0-8D11-00A0C91BC942}") = "vhdi_test_parent_locator_header", "vhdi_test_parent_locator_header\vhdi_test_parent_locator_header.vcproj", "{F3B0D6A8-B4A4-4B6A-877F-5A9FEDBAFD2C}"
	ProjectSection(ProjectDependencies) = postProject
		{0B57B96F-7885-4101-98B7-4E91C9434020} = {0B57B96F-7885-4101-98B7-4E91C9434020}
		{BD3A95FA-A3DE-4B79-A889-A7E5ECA4B69C} = {BD3A95FA-A3DE-4B79-A889-A7E5ECA4B69C}
	EndProjectSection
EndProject
Project("{8BC9CEB8-8B4A-11D0-8D11-00A0C91BC942}") = "vhdi_test_region_table", "vhdi_test_region_table\vhdi_test_region_table.vcproj", "{2C4DF9B4-88B6-474D-872A-255E39047E39}"
	ProjectSection(ProjectDependencies) = postProject
		{0B57B96F-7885-4101-98B7-4E91C9434020} = {0B57B96F-7885-4101-98B7-4E91C9434020}
		{BD3A95FA-A3DE-4B79-A889-A7E5ECA4B69C} = {BD3A95FA-A3DE-4B79-A889-A7E5ECA4B69C}
	EndProjectSection
EndProject
Project("{8BC9CEB8-8B4A-11D0-8D11-00A0C91BC942}") = "vhdi_test_region_table_entry", "vhdi_test_region_table_entry\vhdi_test_region_table_entry.vcproj", "{B3D1C190-19FE-42DD-BE43-769F1F5C1FB9}"
	ProjectSection(ProjectDependencies) = postProject
		{0B57B96F-7885-4101-98B7-4E91C9434020} = {0B57B96F-7885-4101-98B7-4E91C9434020}
		{BD3A95FA-A3DE-4B79-A889-A7E5ECA4B69C} = {BD3A95FA-A3DE-4B79-A889-A7E5ECA4B69C}
	EndProjectSection
EndProject
Project("{8BC9CEB8-8B4A-11D0-8D11-00A0C91BC942}") = "vhdi_test_region_table_header", "vhdi_test_region_table_header\vhdi_test_region_table_header.vcproj", "{79BB4604-58CE-4FF3-BE65-837C0813E37D}"
	ProjectSection(ProjectDependencies) = postProject
		{0B57B96F-7885-4101-98B7-4E91C9434020} = {0B57B96F-7885-4101-98B7-4E91C9434020}
		{BD3A95FA-A3DE-4B79-A889-A7E5ECA4B69C} = {BD3A95FA-A3DE-4B79-A889-A7E5ECA4B69C}
	EndProjectSection
EndProject
Project("{8BC9CEB8-8B4A-11D0-8D11-00A0C91BC942}") = "vhdi_test_sector_range_descriptor", "vhdi_test_sector_range_descriptor\vhdi_test_sector_range_descriptor.vcproj", "{D1F98BCC-9749-4F43-9FC6-8575AA2093CF}"
	ProjectSection(ProjectDependencies) = postProject
		{0B57B96F-7885-4101-98B7-4E91C9434020} = {0B57B96F-7885-4101-98B7-4E91C9434020}
		{BD3A95FA-A3DE-4B79-A889-A7E5ECA4B69C} = {BD3A95FA-A3DE-4B79-A889-A7E5ECA4B69C}
	EndProjectSection
EndProject
Project("{8BC9CEB8-8B4A-11D0-8D11-00A0C91BC942}") = "vhdi_test_support", "vhdi_test_support\vhdi_test_support.vcproj", "{9DC4A261-1054-4CE0-ADBD-97CFA189509A}"
	ProjectSection(ProjectDependencies) = postProject
		{41CFAFBF-A1C8-4704-AFEF-31979E6452B9} = {41CFAFBF-A1C8-4704-AFEF-31979E6452B9}
		{3FFB9C05-1145-45A7-9ADE-5C8D70FBD7CA} = {3FFB9C05-1145-45A7-9ADE-5C8D70FBD7CA}
		{4C93BDD3-1804-47F3-9B34-F2DE0CAE1AE0} = {4C93BDD3-1804-47F3-9B34-F2DE0CAE1AE0}
		{BC27FF34-C859-4A1A-95D6-FC89952E1910} = {BC27FF34-C859-4A1A-95D6-FC89952E1910}
		{B86FB73A-4ACC-42DE-9545-586D93955B06} = {B86FB73A-4ACC-42DE-9545-586D93955B06}
		{5304AD69-D449-4589-B2C9-E4607E56A51D} = {5304AD69-D449-4589-B2C9-E4607E56A51D}
		{CEDF8919-00B2-4D8A-88CC-84ADB2D2FF89} = {CEDF8919-00B2-4D8A-88CC-84ADB2D2FF89}
		{B9332DC8-7594-47DF-80C1-38922E0F4DFB} = {B9332DC8-7594-47DF-80C1-38922E0F4DFB}
		{0B57B96F-7885-4101-98B7-4E91C9434020} = {0B57B96F-7885-4101-98B7-4E91C9434020}
		{BD3A95FA-A3DE-4B79-A889-A7E5ECA4B69C} = {BD3A95FA-A3DE-4B79-A889-A7E5ECA4B69C}
	EndProjectSection
EndProject
Project("{8BC9CEB8-8B4A-11D0-8D11-00A0C91BC942}") = "vhdi_test_tools_info_handle", "vhdi_test_tools_info_handle\vhdi_test_tools_info_handle.vcproj", "{33AF10CA-D8B8-474C-B7E1-3AD70C9D0F73}"
	ProjectSection(ProjectDependencies) = postProject
		{8C13E498-6369-4792-A0CF-B7134C54561B} = {8C13E498-6369-4792-A0CF-B7134C54561B}
		{CEDF8919-00B2-4D8A-88CC-84ADB2D2FF89} = {CEDF8919-00B2-4D8A-88CC-84ADB2D2FF89}
		{0B57B96F-7885-4101-98B7-4E91C9434020} = {0B57B96F-7885-4101-98B7-4E91C9434020}
		{BD3A95FA-A3DE-4B79-A889-A7E5ECA4B69C} = {BD3A95FA-A3DE-4B79-A889-A7E5ECA4B69C}
	EndProjectSection
EndProject
Project("{8BC9CEB8-8B4A-11D0-8D11-00A0C91BC942}") = "vhdi_test_tools_output", "vhdi_test_tools_output\vhdi_test_tools_output.vcproj", "{DC4E4C7A-9210-41EB-B1B0-02BCE440A005}"
	ProjectSection(ProjectDependencies) = postProject
		{0B57B96F-7885-4101-98B7-4E91C9434020} = {0B57B96F-7885-4101-98B7-4E91C9434020}
		{BD3A95FA-A3DE-4B79-A889-A7E5ECA4B69C} = {BD3A95FA-A3DE-4B79-A889-A7E5ECA4B69C}
	EndProjectSection
EndProject
Project("{8BC9CEB8-8B4A-11D0-8D11-00A0C91BC942}") = "vhdi_test_tools_signal", "vhdi_test_tools_signal\vhdi_test_tools_signal.vcproj", "{DE2F3FE5-DF31-46A6-89AA-A3393C8A6ECE}"
	ProjectSection(ProjectDependencies) = postProject
		{0B57B96F-7885-4101-98B7-4E91C9434020} = {0B57B96F-7885-4101-98B7-4E91C9434020}
		{BD3A95FA-A3DE-4B79-A889-A7E5ECA4B69C} = {BD3A95FA-A3DE-4B79-A889-A7E5ECA4B69C}
	EndProjectSection
EndProject
Project("{8BC9CEB8-8B4A-11D0-8D11-00A0C91BC942}") = "vhdiinfo", "vhdiinfo\vhdiinfo.vcproj", "{A7545354-5D50-49F6-A3D0-1F97F6228955}"
	ProjectSection(ProjectDependencies) = postProject
		{8C13E498-6369-4792-A0CF-B7134C54561B} = {8C13E498-6369-4792-A0CF-B7134C54561B}
		{5304AD69-D449-4589-B2C9-E4607E56A51D} = {5304AD69-D449-4589-B2C9-E4607E56A51D}
		{CEDF8919-00B2-4D8A-88CC-84ADB2D2FF89} = {CEDF8919-00B2-4D8A-88CC-84ADB2D2FF89}
		{0B57B96F-7885-4101-98B7-4E91C9434020} = {0B57B96F-7885-4101-98B7-4E91C9434020}
		{BD3A95FA-A3DE-4B79-A889-A7E5ECA4B69C} = {BD3A95FA-A3DE-4B79-A889-A7E5ECA4B69C}
	EndProjectSection
EndProject
Project("{8BC9CEB8-8B4A-11D0-8D11-00A0C91BC942}") = "vhdimount", "vhdimount\vhdimount.vcproj", "{91A40238-86E3-44BA-8CFE-8410F4EE492C}"
	ProjectSection(ProjectDependencies) = postProject
		{3FFB9C05-1145-45A7-9ADE-5C8D70FBD7CA} = {3FFB9C05-1145-45A7-9ADE-5C8D70FBD7CA}
		{BC27FF34-C859-4A1A-95D6-FC89952E1910} = {BC27FF34-C859-4A1A-95D6-FC89952E1910}
		{B86FB73A-4ACC-42DE-9545-586D93955B06} = {B86FB73A-4ACC-42DE-9545-586D93955B06}
		{5304AD69-D449-4589-B2C9-E4607E56A51D} = {5304AD69-D449-4589-B2C9-E4607E56A51D}
		{CEDF8919-00B2-4D8A-88CC-84ADB2D2FF89} = {CEDF8919-00B2-4D8A-88CC-84ADB2D2FF89}
		{B9332DC8-7594-47DF-80C1-38922E0F4DFB} = {B9332DC8-7594-47DF-80C1-38922E0F4DFB}
		{0B57B96F-7885-4101-98B7-4E91C9434020} = {0B57B96F-7885-4101-98B7-4E91C9434020}
		{BD3A95FA-A3DE-4B79-A889-A7E5ECA4B69C} = {BD3A95FA-A3DE-4B79-A889-A7E5ECA4B69C}
	EndProjectSection
EndProject
Project("{8BC9CEB8-8B4A-11D0-8D11-00A0C91BC942}") = "libcsplit", "libcsplit\libcsplit.vcproj", "{B86FB73A-4ACC-42DE-9545-586D93955B06}"
	ProjectSection(ProjectDependencies) = postProject
		{BD3A95FA-A3DE-4B79-A889-A7E5ECA4B69C} = {BD3A95FA-A3DE-4B79-A889-A7E5ECA4B69C}
	EndProjectSection
EndProject
Project("{8BC9CEB8-8B4A-11D0-8D11-00A0C91BC942}") = "libvhdi", "libvhdi\libvhdi.vcproj", "{0B57B96F-7885-4101-98B7-4E91C9434020}"
	ProjectSection(ProjectDependencies) = postProject
		{BD3A95FA-A3DE-4B79-A889-A7E5ECA4B69C} = {BD3A95FA-A3DE-4B79-A889-A7E5ECA4B69C}
		{8AFAA2C6-E025-4B45-B96F-A27D04C6115A} = {8AFAA2C6-E025-4B45-B96F-A27D04C6115A}
		{B9332DC8-7594-47DF-80C1-38922E0F4DFB} = {B9332DC8-7594-47DF-80C1-38922E0F4DFB}
		{CEDF8919-00B2-4D8A-88CC-84ADB2D2FF89} = {CEDF8919-00B2-4D8A-88CC-84ADB2D2FF89}
		{5304AD69-D449-4589-B2C9-E4607E56A51D} = {5304AD69-D449-4589-B2C9-E4607E56A51D}
		{B86FB73A-4ACC-42DE-9545-586D93955B06} = {B86FB73A-4ACC-42DE-9545-586D93955B06}
		{BC27FF34-C859-4A1A-95D6-FC89952E1910} = {BC27FF34-C859-4A1A-95D6-FC89952E1910}
		{4C93BDD3-1804-47F3-9B34-F2DE0CAE1AE0} = {4C93BDD3-1804-47F3-9B34-F2DE0CAE1AE0}
		{3FFB9C05-1145-45A7-9ADE-5C8D70FBD7CA} = {3FFB9C05-1145-45A7-9ADE-5C8D70FBD7CA}
		{41CFAFBF-A1C8-4704-AFEF-31979E6452B9} = {41CFAFBF-A1C8-4704-AFEF-31979E6452B9}
		{3D19EAAD-9195-468B-BC5B-D147A89CA4F5} = {3D19EAAD-9195-468B-BC5B-D147A89CA4F5}
		{F94DCC2D-2B49-453E-89B3-FD81992677D0} = {F94DCC2D-2B49-453E-89B3-FD81992677D0}
		{8C13E498-6369-4792-A0CF-B7134C54561B} = {8C13E498-6369-4792-A0CF-B7134C54561B}
	EndProjectSection
EndProject
Project("{8BC9CEB8-8B4A-11D0-8D11-00A0C91BC942}") = "libuna", "libuna\libuna.vcproj", "{BC27FF34-C859-4A1A-95D6-FC89952E1910}"
	ProjectSection(ProjectDependencies) = postProject
		{BD3A95FA-A3DE-4B79-A889-A7E5ECA4B69C} = {BD3A95FA-A3DE-4B79-A889-A7E5ECA4B69C}
	EndProjectSection
EndProject
Project("{8BC9CEB8-8B4A-11D0-8D11-00A0C91BC942}") = "libcnotify", "libcnotify\libcnotify.vcproj", "{5304AD69-D449-4589-B2C9-E4607E56A51D}"
	ProjectSection(ProjectDependencies) = postProject
		{BD3A95FA-A3DE-4B79-A889-A7E5ECA4B69C} = {BD3A95FA-A3DE-4B79-A889-A7E5ECA4B69C}
	EndProjectSection
EndProject
Project("{8BC9CEB8-8B4A-11D0-8D11-00A0C91BC942}") = "libcerror", "libcerror\libcerror.vcproj", "{BD3A95FA-A3DE-4B79-A889-A7E5ECA4B69C}"
EndProject
Global
	GlobalSection(SolutionConfigurationPlatforms) = preSolution
		Release|Win32 = Release|Win32
		VSDebug|Win32 = VSDebug|Win32
	EndGlobalSection
	GlobalSection(ProjectConfigurationPlatforms) = postSolution
		{F94DCC2D-2B49-453E-89B3-FD81992677D0}.Release|Win32.ActiveCfg = Release|Win32
		{F94DCC2D-2B49-453E-89B3-FD81992677D0}.Release|Win32.Build.0 = Release|Win32
		{F94DCC2D-2B49-453E-89B3-FD81992677D0}.VSDebug|Win32.ActiveCfg = VSDebug|Win32
		{F94DCC2D-2B49-453E-89B3-FD81992677D0}.VSDebug|Win32.Build.0 = VSDebug|Win32
		{8C13E498-6369-4792-A0CF-B7134C54561B}.Release|Win32.ActiveCfg = Release|Win32
		{8C13E498-6369-4792-A0CF-B7134C54561B}.Release|Win32.Build.0 = Release|Win32
		{8C13E498-6369-4792-A0CF-B7134C54561B}.VSDebug|Win32.ActiveCfg = VSDebug|Win32
		{8C13E498-6369-4792-A0CF-B7134C54561B}.VSDebug|Win32.Build.0 = VSDebug|Win32
		{CEDF8919-00B2-4D8A-88CC-84ADB2D2FF89}.Release|Win32.ActiveCfg = Release|Win32
		{CEDF8919-00B2-4D8A-88CC-84ADB2D2FF89}.Release|Win32.Build.0 = Release|Win32
		{CEDF8919-00B2-4D8A-88CC-84ADB2D2FF89}.VSDebug|Win32.ActiveCfg = VSDebug|Win32
		{CEDF8919-00B2-4D8A-88CC-84ADB2D2FF89}.VSDebug|Win32.Build.0 = VSDebug|Win32
		{3D19EAAD-9195-468B-BC5B-D147A89CA4F5}.Release|Win32.ActiveCfg = Release|Win32
		{3D19EAAD-9195-468B-BC5B-D147A89CA4F5}.Release|Win32.Build.0 = Release|Win32
		{3D19EAAD-9195-468B-BC5B-D147A89CA4F5}.VSDebug|Win32.ActiveCfg = VSDebug|Win32
		{3D19EAAD-9195-468B-BC5B-D147A89CA4F5}.VSDebug|Win32.Build.0 = VSDebug|Win32
		{41CFAFBF-A1C8-4704-AFEF-31979E6452B9}.Release|Win32.ActiveCfg = Release|Win32
		{41CFAFBF-A1C8-4704-AFEF-31979E6452B9}.Release|Win32.Build.0 = Release|Win32
		{41CFAFBF-A1C8-4704-AFEF-31979E6452B9}.VSDebug|Win32.ActiveCfg = VSDebug|Win32
		{41CFAFBF-A1C8-4704-AFEF-31979E6452B9}.VSDebug|Win32.Build.0 = VSDebug|Win32
		{4C93BDD3-1804-47F3-9B34-F2DE0CAE1AE0}.Release|Win32.ActiveCfg = Release|Win32
		{4C93BDD3-1804-47F3-9B34-F2DE0CAE1AE0}.Release|Win32.Build.0 = Release|Win32
		{4C93BDD3-1804-47F3-9B34-F2DE0CAE1AE0}.VSDebug|Win32.ActiveCfg = VSDebug|Win32
		{4C93BDD3-1804-47F3-9B34-F2DE0CAE1AE0}.VSDebug|Win32.Build.0 = VSDebug|Win32
		{E221DB4C-B254-47CB-993D-DC7FED580DA1}.Release|Win32.ActiveCfg = Release|Win32
		{E221DB4C-B254-47CB-993D-DC7FED580DA1}.Release|Win32.Build.0 = Release|Win32
		{E221DB4C-B254-47CB-993D-DC7FED580DA1}.VSDebug|Win32.ActiveCfg = VSDebug|Win32
		{E221DB4C-B254-47CB-993D-DC7FED580DA1}.VSDebug|Win32.Build.0 = VSDebug|Win32
		{B9332DC8-7594-47DF-80C1-38922E0F4DFB}.Release|Win32.ActiveCfg = Release|Win32
		{B9332DC8-7594-47DF-80C1-38922E0F4DFB}.Release|Win32.Build.0 = Release|Win32
		{B9332DC8-7594-47DF-80C1-38922E0F4DFB}.VSDebug|Win32.ActiveCfg = VSDebug|Win32
		{B9332DC8-7594-47DF-80C1-38922E0F4DFB}.VSDebug|Win32.Build.0 = VSDebug|Win32
		{8AFAA2C6-E025-4B45-B96F-A27D04C6115A}.Release|Win32.ActiveCfg = Release|Win32
		{8AFAA2C6-E025-4B45-B96F-A27D04C6115A}.Release|Win32.Build.0 = Release|Win32
		{8AFAA2C6-E025-4B45-B96F-A27D04C6115A}.VSDebug|Win32.ActiveCfg = VSDebug|Win32
		{8AFAA2C6-E025-4B45-B96F-A27D04C6115A}.VSDebug|Win32.Build.0 = VSDebug|Win32
		{3FFB9C05-1145-45A7-9ADE-5C8D70FBD7CA}.Release|Win32.ActiveCfg = Release|Win32
		{3FFB9C05-1145-45A7-9ADE-5C8D70FBD7CA}.Release|Win32.Build.0 = Release|Win32
		{3FFB9C05-1145-45A7-9ADE-5C8D70FBD7CA}.VSDebug|Win32.ActiveCfg = VSDebug|Win32
		{3FFB9C05-1145-45A7-9ADE-5C8D70FBD7CA}.VSDebug|Win32.Build.0 = VSDebug|Win32
		{681024A5-D38B-4A14-886F-FAF20A484A69}.Release|Win32.ActiveCfg = Release|Win32
		{681024A5-D38B-4A14-886F-FAF20A484A69}.Release|Win32.Build.0 = Release|Win32
		{681024A5-D38B-4A14-886F-FAF20A484A69}.VSDebug|Win32.ActiveCfg = VSDebug|Win32
		{681024A5-D38B-4A14-886F-FAF20A484A69}.VSDebug|Win32.Build.0 = VSDebug|Win32
		{22A4EA4E-DCC9-4A8A-B14F-A334E282FF58}.Release|Win32.ActiveCfg = Release|Win32
		{22A4EA4E-DCC9-4A8A-B14F-A334E282FF58}.Release|Win32.Build.0 = Release|Win32
		{22A4EA4E-DCC9-4A8A-B14F-A334E282FF58}.VSDebug|Win32.ActiveCfg = VSDebug|Win32
		{22A4EA4E-DCC9-4A8A-B14F-A334E282FF58}.VSDebug|Win32.Build.0 = VSDebug|Win32
		{11278CEA-924A-4925-A586-FFFB74D1A809}.Release|Win32.ActiveCfg = Release|Win32
		{11278CEA-924A-4925-A586-FFFB74D1A809}.Release|Win32.Build.0 = Release|Win32
		{11278CEA-924A-4925-A586-FFFB74D1A809}.VSDebug|Win32.ActiveCfg = VSDebug|Win32
		{11278CEA-924A-4925-A586-FFFB74D1A809}.VSDebug|Win32.Build.0 = VSDebug|Win32
		{E597E6F8-75E8-40EC-8C3A-A6271E786802}.Release|Win32.ActiveCfg = Release|Win32
		{E597E6F8-75E8-40EC-8C3A-A6271E786802}.Release|Win32.Build.0 = Release|Win32
		{E597E6F8-75E8-40EC-8C3A-A6271E786802}.VSDebug|Win32.ActiveCfg = VSDebug|Win32
		{E597E6F8-75E8-40EC-8C3A-A6271E786802}.VSDebug|Win32.Build.0 = VSDebug|Win32
		{82A9E85B-A4E8-4FB6-BBD0-A6D81CF1398B}.Release|Win32.ActiveCfg = Release|Win32
		{82A9E85B-A4E8-4FB6-BBD0-A6D81CF1398B}.Release|Win32.Build.0 = Release|Win32
		{82A9E85B-A4E8-4FB6-BBD0-A6D81CF1398B}.VSDebug|Win32.ActiveCfg = VSDebug|Win32
		{82A9E85B-A4E8-4FB6-BBD0-A6D81CF1398B}.VSDebug|Win32.Build.0 = VSDebug|Win32
		{AB985B78-01D2-412E-9930-DD63F787EF42}.Release|Win32.ActiveCfg = Release|Win32
		{AB985B78-01D2-412E-9930-DD63F787EF42}.Release|Win32.Build.0 = Release|Win32
		{AB985B78-01D2-412E-9930-DD63F787EF42}.VSDebug|Win32.ActiveCfg = VSDebug|Win32
		{AB985B78-01D2-412E-9930-DD63F787EF42}.VSDebug|Win32.Build.0 = VSDebug|Win32
		{3F7A2500-D5E7-4F5D-A36B-16B0879887E0}.Release|Win32.ActiveCfg = Release|Win32
		{3F7A2500-D5E7-4F5D-A36B-16B0879887E0}.Release|Win32.Build.0 = Release|Win32
		{3F7A2500-D5E7-4F5D-A36B-16B0879887E0}.VSDebug|Win32.ActiveCfg = VSDebug|Win32
		{3F7A2500-D5E7-4F5D-A36B-16B0879887E0}.VSDebug|Win32.Build.0 = VSDebug|Win32
		{ECBA1A58-31C4-4961-84B3-7DDF0071270D}.Release|Win32.ActiveCfg = Release|Win32
		{ECBA1A58-31C4-4961-84B3-7DDF0071270D}.Release|Win32.Build.0 = Release|Win32
		{ECBA1A58-31C4-4961-84B3-7DDF0071270D}.VSDebug|Win32.ActiveCfg = VSDebug|Win32
		{ECBA1A58-31C4-4961-84B3-7DDF0071270D}.VSDebug|Win32.Build.0 = VSDebug|Win32
		{B54FAE6A-52D6-4778-929F-0D08DCE25A46}.Release|Win32.ActiveCfg = Release|Win32
		{B54FAE6A-52D6-4778-929F-0D08DCE25A46}.Release|Win32.Build.0 = Release|Win32
		{B54FAE6A-52D6-4778-929F-0D08DCE25A46}.VSDebug|Win32.ActiveCfg = VSDebug|Win32
		{B54FAE6A-52D6-4778-929F-0D08DCE25A46}.VSDebug|Win32.Build.0 = VSDebug|Win32
		{EDC158F9-537B-4C3E-AC8E-E9CE3192A49C}.Release|Win32.ActiveCfg = Release|Win32
		{EDC158F9-537B-4C3E-AC8E-E9CE3192A49C}.Release|Win32.Build.0 = Release|Win32
		{EDC158F9-537B-4C3E-AC8E-E9CE3192A49C}.VSDebug|Win32.ActiveCfg = VSDebug|Win32
		{EDC158F9-537B-4C3E-AC8E-E9CE3192A49C}.VSDebug|Win32.Build.0 = VSDebug|Win32
		{CCD33800-F037-4C53-B25E-C52FEC8D188B}.Release|Win32.ActiveCfg = Release|Win32
		{CCD33800-F037-4C53-B25E-C52FEC8D188B}.Release|Win32.Build.0 = Release|Win32
		{CCD33800-F037-4C53-B25E-C52FEC8D188B}.VSDebug|Win32.ActiveCfg = VSDebug|Win32
		{CCD33800-F037-4C53-B25E-C52FEC8D188B}.VSDebug|Win32.Build.0 = VSDebug|Win32
		{257A42CB-DC0E-4753-AA12-3E995F908AAC}.Release|Win32.ActiveCfg = Release|Win32
		{257A42CB-DC0E-4753-AA12-3E995F908AAC}.Release|Win32.Build.0 = Release|Win32
		{257A42CB-DC0E-4753-AA12-3E995F908AAC}.VSDebug|Win32.ActiveCfg = VSDebug|Win32
		{257A42CB-DC0E-4753-AA12-3E995F908AAC}.VSDebug|Win32.Build.0 = VSDebug|Win32
		{E275FDB5-83ED-47DF-AB3C-F27AD61BF28E}.Release|Win32.ActiveCfg = Release|Win32
		{E275FDB5-83ED-47DF-AB3C-F27AD61BF28E}.Release|Win32.Build.0 = Release|Win32
		{E275FDB5-83ED-47DF-AB3C-F27AD61BF28E}.VSDebug|Win32.ActiveCfg = VSDebug|Win32
		{E275FDB5-83ED-47DF-AB3C-F27AD61BF28E}.VSDebug|Win32.Build.0 = VSDebug|Win32
		{83205EBD-0D9D-426C-962B-BEE873700286}.Release|Win32.ActiveCfg = Release|Win32
		{83205EBD-0D9D-426C-962B-BEE873700286}.Release|Win32.Build.0 = Release|Win32
		{83205EBD-0D9D-426C-962B-BEE873700286}.VSDebug|Win32.ActiveCfg = VSDebug|Win32
		{83205EBD-0D9D-426C-962B-BEE873700286}.VSDebug|Win32.Build.0 = VSDebug|Win32
		{63657B97-8DDF-4B6B-91C2-9E1AB85F1517}.Release|Win32.ActiveCfg = Release|Win32
		{63657B97-8DDF-4B6B-91C2-9E1AB85F1517}.Release|Win32.Build.0 = Release|Win32
		{63657B97-8DDF-4B6B-91C2-9E1AB85F1517}.VSDebug|Win32.ActiveCfg = VSDebug|Win32
		{63657B97-8DDF-4B6B-91C2-9E1AB85F1517}.VSDebug|Win32.Build.0 = VSDebug|Win32
		{016F4D4F-9252-4ADD-8272-0CA6FE4DE906}.Release|Win32.ActiveCfg = Release|Win32
		{016F4D4F-9252-4ADD-8272-0CA6FE4DE906}.Release|Win32.Build.0 = Release|Win32
		{016F4D4F-9252-4ADD-8272-0CA6FE4DE906}.VSDebug|Win32.ActiveCfg = VSDebug|Win32
		{016F4D4F-9252-4ADD-8272-0CA6FE4DE906}.VSDebug|Win32.Build.0 = VSDebug|Win32
		{113A3EFC-B416-4FEF-8244-7149BE73A836}.Release|Win32.ActiveCfg = Release|Win32
		{113A3EFC-B416-4FEF-8244-7149BE73A836}.Release|Win32.Build.0 = Release|Win32
		{113A3EFC-B416-4FEF-8244-7149BE73A836}.VSDebug|Win32.ActiveCfg = VSDebug|Win32
		{113A3EFC-B416-4FEF-8244-7149BE73A836}.VSDebug|Win32.Build.0 = VSDebug|Win32
		{F3B0D6A8-B4A4-4B6A-877F-5A9FEDBAFD2C}.Release|Win32.ActiveCfg = Release|Win32
		{F3B0D6A8-B4A4-4B6A-877F-5A9FEDBAFD2C}.Release|Win32.Build.0 = Release|Win32
		{F3B0D6A8-B4A4-4B6A-877F-5A9FEDBAFD2C}.VSDebug|Win32.ActiveCfg = VSDebug|Win32
		{F3B0D6A8-B4A4-4B6A-877F-5A9FEDBAFD2C}.VSDebug|Win32.Build.0 = VSDebug|Win32
		{2C4DF9B4-88B6-474D-872A-255E39047E39}.Release|Win32.ActiveCfg = Release|Win32
		{2C4DF9B4-88B6-474D-872A-255E39047E39}.Release|Win32.Build.0 = Release|Win32
		{2C4DF9B4-88B6-474D-872A-255E39047E39}.VSDebug|Win32.ActiveCfg = VSDebug|Win32
		{2C4DF9B4-88B6-474D-872A-255E39047E39}.VSDebug|Win32.Build.0 = VSDebug|Win32
		{B3D1C190-19FE-42DD-BE43-769F1F5C1FB9}.Release|Win32.ActiveCfg = Release|Win32
		{B3D1C190-19FE-42DD-BE43-769F1F5C1FB9}.Release|Win32.Build.0 = Release|Win32
		{B3D1C190-19FE-42DD-BE43-769F1F5C1FB9}.VSDebug|Win32.ActiveCfg = VSDebug|Win32
		{B3D1C190-19FE-42DD-BE43-769F1F5C1FB9}.VSDebug|Win32.Build.0 = VSDebug|Win32
		{79BB4604-58CE-4FF3-BE65-837C0813E37D}.Release|Win32.ActiveCfg = Release|Win32
		{79BB4604-58CE-4FF3-BE65-837C0813E37D}.Release|Win32.Build.0 = Release|Win32
		{79BB4604-58CE-4FF3-BE65-837C0813E37D}.VSDebug|Win32.ActiveCfg = VSDebug|Win32
		{79BB4604-58CE-4FF3-BE65-837C0813E37D}.VSDebug|Win32.Build.0 = VSDebug|Win32
		{D1F98BCC-9749-4F43-9FC6-8575AA2093CF}.Release|Win32.ActiveCfg = Release|Win32
		{D1F98BCC-9749-4F43-9FC6-8575AA2093CF}.Release|Win32.Build.0 = Release|Win32
		{D1F98BCC-9749-4F43-9FC6-8575AA2093CF}.VSDebug|Win32.ActiveCfg = VSDebug|Win32
		{D1F98BCC-9749-4F43-9FC6-8575AA2093CF}.VSDebug|Win32.Build.0 = VSDebug|Win32
		{9DC4A261-1054-4CE0-ADBD-97CFA189509A}.Release|Win32.ActiveCfg = Release|Win32
		{9DC4A261-1054-4CE0-ADBD-97CFA189509A}.Release|Win32.Build.0 = Release|Win32
		{9DC4A261-1054-4CE0-ADBD-97CFA189509A}.VSDebug|Win32.ActiveCfg = VSDebug|Win32
		{9DC4A261-1054-4CE0-ADBD-97CFA189509A}.VSDebug|Win32.Build.0 = VSDebug|Win32
		{33AF10CA-D8B8-474C-B7E1-3AD70C9D0F73}.Release|Win32.ActiveCfg = Release|Win32
		{33AF10CA-D8B8-474C-B7E1-3AD70C9D0F73}.Release|Win32.Build.0 = Release|Win32
		{33AF10CA-D8B8-474C-B7E1-3AD70C9D0F73}.VSDebug|Win32.ActiveCfg = VSDebug|Win32
		{33AF10CA-D8B8-474C-B7E1-3AD70C9D0F73}.VSDebug|Win32.Build.0 = VSDebug|Win32
		{DC4E4C7A-9210-41EB-B1B0-02BCE440A005}.Release|Win32.ActiveCfg = Release|Win32
		{DC4E4C7A-9210-41EB-B1B0-02BCE440A005}.Release|Win32.Build.0 = Release|Win32
		{DC4E4C7A-9210-41EB-B1B0-02BCE440A005}.VSDebug|Win32.ActiveCfg = VSDebug|Win32
		{DC4E4C7A-9210-41EB-B1B0-02BCE440A005}.VSDebug|Win32.Build.0 = VSDebug|Win32
		{DE2F3FE5-DF31-46A6-89AA-A3393C8A6ECE}.Release|Win32.ActiveCfg = Release|Win32
		{DE2F3FE5-DF31-46A6-89AA-A3393C8A6ECE}.Release|Win32.Build.0 = Release|Win32
		{DE2F3FE5-DF31-46A6-89AA-A3393C8A6ECE}.VSDebug|Win32.ActiveCfg = VSDebug|Win32
		{DE2F3FE5-DF31-46A6-89AA-A3393C8A6ECE}.VSDebug|Win32.Build.0 = VSDebug|Win32
		{A7545354-5D50-49F6-A3D0-1F97F6228955}.Release|Win32.ActiveCfg = Release|Win32
		{A7545354-5D50-49F6-A3D0-1F97F6228955}.Release|Win32.Build.0 = Release|Win32
		{A7545354-5D50-49F6-A3D0-1F97F6228955}.VSDebug|Win32.ActiveCfg = VSDebug|Win32
		{A7545354-5D50-49F6-A3D0-1F97F6228955}.VSDebug|Win32.Build.0 = VSDebug|Win32
		{91A40238-86E3-44BA-8CFE-8410F4EE492C}.Release|Win32.ActiveCfg = Release|Win32
		{91A40238-86E3-44BA-8CFE-8410F4EE492C}.Release|Win32.Build.0 = Release|Win32
		{91A40238-86E3-44BA-8CFE-8410F4EE492C}.VSDebug|Win32.ActiveCfg = VSDebug|Win32
		{91A40238-86E3-44BA-8CFE-8410F4EE492C}.VSDebug|Win32.Build.0 = VSDebug|Win32
		{B86FB73A-4ACC-42DE-9545-586D93955B06}.Release|Win32.ActiveCfg = Release|Win32
		{B86FB73A-4ACC-42DE-9545-586D93955B06}.Release|Win32.Build.0 = Release|Win32
		{B86FB73A-4ACC-42DE-9545-586D93955B06}.VSDebug|Win32.ActiveCfg = VSDebug|Win32
		{B86FB73A-4ACC-42DE-9545-586D93955B06}.VSDebug|Win32.Build.0 = VSDebug|Win32
		{0B57B96F-7885-4101-98B7-4E91C9434020}.Release|Win32.ActiveCfg = Release|Win32
		{0B57B96F-7885-4101-98B7-4E91C9434020}.Release|Win32.Build.0 = Release|Win32
		{0B57B96F-7885-4101-98B7-4E91C9434020}.VSDebug|Win32.ActiveCfg = VSDebug|Win32
		{0B57B96F-7885-4101-98B7-4E91C9434020}.VSDebug|Win32.Build.0 = VSDebug|Win32
		{BC27FF34-C859-4A1A-95D6-FC89952E1910}.Release|Win32.ActiveCfg = Release|Win32
		{BC27FF34-C859-4A1A-95D6-FC89952E1910}.Release|Win32.Build.0 = Release|Win32
		{BC27FF34-C859-4A1A-95D6-FC89952E1910}.VSDebug|Win32.ActiveCfg = VSDebug|Win32
		{BC27FF34-C859-4A1A-95D6-FC89952E1910}.VSDebug|Win32.Build.0 = VSDebug|Win32
		{5304AD69-D449-4589-B2C9-E4607E56A51D}.Release|Win32.ActiveCfg = Release|Win32
		{5304AD69-D449-4589-B2C9-E4607E56A51D}.Release|Win32.Build.0 = Release|Win32
		{5304AD69-D449-4589-B2C9-E4607E56A51D}.VSDebug|Win32.ActiveCfg = VSDebug|Win32
		{5304AD69-D449-4589-B2C9-E4607E56A51D}.VSDebug|Win32.Build.0 = VSDebug|Win32
		{BD3A95FA-A3DE-4B79-A889-A7E5ECA4B69C}.Release|Win32.ActiveCfg = Release|Win32
		{BD3A95FA-A3DE-4B79-A889-A7E5ECA4B69C}.Release|Win32.Build.0 = Release|Win32
		{BD3A95FA-A3DE-4B79-A889-A7E5ECA4B69C}.VSDebug|Win32.ActiveCfg = VSDebug|Win32
		{BD3A95FA-A3DE-4B79-A889-A7E5ECA4B69C}.VSDebug|Win32.Build.0 = VSDebug|Win32
	EndGlobalSection
	GlobalSection(SolutionProperties) = preSolution
		HideSolutionNode = FALSE
	EndGlobalSection
EndGlobal
